
Microsoft Visual Studio Solution File, Format Version 12.00
# Visual Studio 15
VisualStudioVersion = 15.0.28307.168
MinimumVisualStudioVersion = 10.0.40219.1
Project("{FAE04EC0-301F-11D3-BF4B-00C04F79EFBC}") = "XMLParser", "XMLParser\XMLParser.csproj", "{12E114B1-40C2-4E01-BACF-E2FCA8BCC199}"
EndProject
Project("{2150E333-8FDC-42A3-9474-1A3956D46DE8}") = "Solution Items", "Solution Items", "{1003034D-D5A4-4605-A8E6-002E52AF6DFB}"
	ProjectSection(SolutionItems) = preProject
		Complex.xml = Complex.xml
		README.md = README.md
		Simple.xml = Simple.xml
	EndProjectSection
EndProject
Project("{FAE04EC0-301F-11D3-BF4B-00C04F79EFBC}") = "XMLCreate", "XMLCreate\XMLCreate.csproj", "{F32626B4-F426-436D-A75C-72A088D928A8}"
EndProject
Project("{FAE04EC0-301F-11D3-BF4B-00C04F79EFBC}") = "Prueba", "..\Prueba\Prueba\Prueba.csproj", "{EC951256-DAA0-4C6B-BF45-0187B61AFD57}"
EndProject
Global
	GlobalSection(SolutionConfigurationPlatforms) = preSolution
		Debug|Any CPU = Debug|Any CPU
		Release|Any CPU = Release|Any CPU
	EndGlobalSection
	GlobalSection(ProjectConfigurationPlatforms) = postSolution
		{12E114B1-40C2-4E01-BACF-E2FCA8BCC199}.Debug|Any CPU.ActiveCfg = Debug|Any CPU
		{12E114B1-40C2-4E01-BACF-E2FCA8BCC199}.Debug|Any CPU.Build.0 = Debug|Any CPU
		{12E114B1-40C2-4E01-BACF-E2FCA8BCC199}.Release|Any CPU.ActiveCfg = Release|Any CPU
		{12E114B1-40C2-4E01-BACF-E2FCA8BCC199}.Release|Any CPU.Build.0 = Release|Any CPU
		{F32626B4-F426-436D-A75C-72A088D928A8}.Debug|Any CPU.ActiveCfg = Debug|Any CPU
		{F32626B4-F426-436D-A75C-72A088D928A8}.Debug|Any CPU.Build.0 = Debug|Any CPU
		{F32626B4-F426-436D-A75C-72A088D928A8}.Release|Any CPU.ActiveCfg = Release|Any CPU
		{F32626B4-F426-436D-A75C-72A088D928A8}.Release|Any CPU.Build.0 = Release|Any CPU
		{EC951256-DAA0-4C6B-BF45-0187B61AFD57}.Debug|Any CPU.ActiveCfg = Debug|Any CPU
		{EC951256-DAA0-4C6B-BF45-0187B61AFD57}.Debug|Any CPU.Build.0 = Debug|Any CPU
		{EC951256-DAA0-4C6B-BF45-0187B61AFD57}.Release|Any CPU.ActiveCfg = Release|Any CPU
		{EC951256-DAA0-4C6B-BF45-0187B61AFD57}.Release|Any CPU.Build.0 = Release|Any CPU
	EndGlobalSection
	GlobalSection(SolutionProperties) = preSolution
		HideSolutionNode = FALSE
	EndGlobalSection
	GlobalSection(ExtensibilityGlobals) = postSolution
		SolutionGuid = {D442425C-2E64-4673-9D87-509B1EC0613E}
	EndGlobalSection
EndGlobal
